
Microsoft Visual Studio Solution File, Format Version 12.00
# Visual Studio Version 16
VisualStudioVersion = 16.0.29009.5
MinimumVisualStudioVersion = 10.0.40219.1
Project("{FAE04EC0-301F-11D3-BF4B-00C04F79EFBC}") = "MVC_REACTJS", "MVC_REACTJS\MVC_REACTJS.csproj", "{DD22FDB6-19D8-4D8D-B398-17C7C75C3476}"
EndProject
Global
	GlobalSection(SolutionConfigurationPlatforms) = preSolution
		Debug|Any CPU = Debug|Any CPU
		Release|Any CPU = Release|Any CPU
	EndGlobalSection
	GlobalSection(ProjectConfigurationPlatforms) = postSolution
		{DD22FDB6-19D8-4D8D-B398-17C7C75C3476}.Debug|Any CPU.ActiveCfg = Debug|Any CPU
		{DD22FDB6-19D8-4D8D-B398-17C7C75C3476}.Debug|Any CPU.Build.0 = Debug|Any CPU
		{DD22FDB6-19D8-4D8D-B398-17C7C75C3476}.Release|Any CPU.ActiveCfg = Release|Any CPU
		{DD22FDB6-19D8-4D8D-B398-17C7C75C3476}.Release|Any CPU.Build.0 = Release|Any CPU
	EndGlobalSection
	GlobalSection(SolutionProperties) = preSolution
		HideSolutionNode = FALSE
	EndGlobalSection
	GlobalSection(ExtensibilityGlobals) = postSolution
		SolutionGuid = {8115D7B3-F008-4D75-B509-933E9B96D74E}
	EndGlobalSection
EndGlobal
